
Microsoft Visual Studio Solution File, Format Version 12.00
# Visual Studio Version 17
VisualStudioVersion = 17.5.002.0
MinimumVisualStudioVersion = 10.0.40219.1
Project("{9A19103F-16F7-4668-BE54-9A1E7A4F7556}") = "backend", "backend.csproj", "{C025D2B0-A375-40A4-880A-BA3F00E80B5A}"
EndProject
Global
	GlobalSection(SolutionConfigurationPlatforms) = preSolution
		Debug|Any CPU = Debug|Any CPU
		Release|Any CPU = Release|Any CPU
	EndGlobalSection
	GlobalSection(ProjectConfigurationPlatforms) = postSolution
		{C025D2B0-A375-40A4-880A-BA3F00E80B5A}.Debug|Any CPU.ActiveCfg = Debug|Any CPU
		{C025D2B0-A375-40A4-880A-BA3F00E80B5A}.Debug|Any CPU.Build.0 = Debug|Any CPU
		{C025D2B0-A375-40A4-880A-BA3F00E80B5A}.Release|Any CPU.ActiveCfg = Release|Any CPU
		{C025D2B0-A375-40A4-880A-BA3F00E80B5A}.Release|Any CPU.Build.0 = Release|Any CPU
	EndGlobalSection
	GlobalSection(SolutionProperties) = preSolution
		HideSolutionNode = FALSE
	EndGlobalSection
	GlobalSection(ExtensibilityGlobals) = postSolution
		SolutionGuid = {A871693F-B84E-4276-9E09-077872F1E333}
	EndGlobalSection
EndGlobal
